Microsoft Visual Studio Solution File, Format Version 12.00
# Visual Studio Version 16
VisualStudioVersion = 16.0.30711.63
MinimumVisualStudioVersion = 10.0.40219.1
Project("{9A19103F-16F7-4668-BE54-9A1E7A4F7556}") = "BlazorStateManager", "BlazorStateManager\BlazorStateManager.csproj", "{2A46A64A-48F4-42AF-BC0A-B528B41F7DF4}"
EndProject
Global
	GlobalSection(SolutionConfigurationPlatforms) = preSolution
		Debug|Any CPU = Debug|Any CPU
		Release|Any CPU = Release|Any CPU
	EndGlobalSection
	GlobalSection(ProjectConfigurationPlatforms) = postSolution
		{2A46A64A-48F4-42AF-BC0A-B528B41F7DF4}.Debug|Any CPU.ActiveCfg = Debug|Any CPU
		{2A46A64A-48F4-42AF-BC0A-B528B41F7DF4}.Debug|Any CPU.Build.0 = Debug|Any CPU
		{2A46A64A-48F4-42AF-BC0A-B528B41F7DF4}.Release|Any CPU.ActiveCfg = Release|Any CPU
		{2A46A64A-48F4-42AF-BC0A-B528B41F7DF4}.Release|Any CPU.Build.0 = Release|Any CPU
	EndGlobalSection
	GlobalSection(SolutionProperties) = preSolution
		HideSolutionNode = FALSE
	EndGlobalSection
	GlobalSection(ExtensibilityGlobals) = postSolution
		SolutionGuid = {F481ECEF-91D3-4424-8E52-A7E817502788}
	EndGlobalSection
EndGlobal
